
Microsoft Visual Studio Solution File, Format Version 12.00
# Visual Studio Version 17
VisualStudioVersion = 17.7.34031.279
MinimumVisualStudioVersion = 10.0.40219.1
Project("{9A19103F-16F7-4668-BE54-9A1E7A4F7556}") = "eShopSolution.DataLayer", "eShopSolution.DataLayer\eShopSolution.DataLayer.csproj", "{033DB4E6-9399-4E8E-AD15-AA69B25664D8}"
EndProject
Project("{9A19103F-16F7-4668-BE54-9A1E7A4F7556}") = "eShopSolution.BusinessLayer", "eShopSolution.BusinessLayer\eShopSolution.BusinessLayer.csproj", "{7CA33127-E2DC-40D3-932B-BACE3E264E03}"
EndProject
Project("{9A19103F-16F7-4668-BE54-9A1E7A4F7556}") = "eShopSolution.DtoLayer", "eShopSolution.DtoLayer\eShopSolution.DtoLayer.csproj", "{DECED220-FB3F-483F-8057-11982B41F011}"
EndProject
Project("{9A19103F-16F7-4668-BE54-9A1E7A4F7556}") = "eShopSolution.EntityLayer", "eShopSolution.EntityLayer\eShopSolution.EntityLayer.csproj", "{CFB74C34-A3D8-400D-B570-CEA5A5C937DB}"
EndProject
Project("{9A19103F-16F7-4668-BE54-9A1E7A4F7556}") = "eShopSolution.WebAPI", "eShopSolution.WebAPI\eShopSolution.WebAPI.csproj", "{8D60BDC1-7971-4FAE-AC0C-43BD2720AF0B}"
EndProject
Project("{9A19103F-16F7-4668-BE54-9A1E7A4F7556}") = "eShopSolution.EmailService", "eShopSolution.EmailService\eShopSolution.EmailService.csproj", "{10DBFD05-6826-41D0-ABAF-0B232D542C84}"
EndProject
Project("{9A19103F-16F7-4668-BE54-9A1E7A4F7556}") = "eShopSolution.cloudinaryManagerFile", "eShopSolution.cloudinaryManagerFile\eShopSolution.cloudinaryManagerFile.csproj", "{18FDD8F1-D5BB-4C7F-B3E7-C7A249D2E8B6}"
EndProject
Project("{9A19103F-16F7-4668-BE54-9A1E7A4F7556}") = "eShopSolution.RealTime", "eShopSolution.RealTime\eShopSolution.RealTime.csproj", "{2E876868-EB97-4B7C-A850-25F40FA02220}"
EndProject
Project("{9A19103F-16F7-4668-BE54-9A1E7A4F7556}") = "eShopSolution.PayMentService", "eShopSolution.PayMentService\eShopSolution.PayMentService.csproj", "{D1221E56-73FC-4FF5-99EC-E52A7E15659E}"
EndProject
Project("{FAE04EC0-301F-11D3-BF4B-00C04F79EFBC}") = "eShopSolution.CrawlData", "eShopSolution.CrawlData\eShopSolution.CrawlData.csproj", "{3A56E3C6-5B61-4091-B2F6-0D6FC8F86DA6}"
EndProject
Global
	GlobalSection(SolutionConfigurationPlatforms) = preSolution
		Debug|Any CPU = Debug|Any CPU
		Release|Any CPU = Release|Any CPU
	EndGlobalSection
	GlobalSection(ProjectConfigurationPlatforms) = postSolution
		{033DB4E6-9399-4E8E-AD15-AA69B25664D8}.Debug|Any CPU.ActiveCfg = Debug|Any CPU
		{033DB4E6-9399-4E8E-AD15-AA69B25664D8}.Debug|Any CPU.Build.0 = Debug|Any CPU
		{033DB4E6-9399-4E8E-AD15-AA69B25664D8}.Release|Any CPU.ActiveCfg = Release|Any CPU
		{033DB4E6-9399-4E8E-AD15-AA69B25664D8}.Release|Any CPU.Build.0 = Release|Any CPU
		{7CA33127-E2DC-40D3-932B-BACE3E264E03}.Debug|Any CPU.ActiveCfg = Debug|Any CPU
		{7CA33127-E2DC-40D3-932B-BACE3E264E03}.Debug|Any CPU.Build.0 = Debug|Any CPU
		{7CA33127-E2DC-40D3-932B-BACE3E264E03}.Release|Any CPU.ActiveCfg = Release|Any CPU
		{7CA33127-E2DC-40D3-932B-BACE3E264E03}.Release|Any CPU.Build.0 = Release|Any CPU
		{DECED220-FB3F-483F-8057-11982B41F011}.Debug|Any CPU.ActiveCfg = Debug|Any CPU
		{DECED220-FB3F-483F-8057-11982B41F011}.Debug|Any CPU.Build.0 = Debug|Any CPU
		{DECED220-FB3F-483F-8057-11982B41F011}.Release|Any CPU.ActiveCfg = Release|Any CPU
		{DECED220-FB3F-483F-8057-11982B41F011}.Release|Any CPU.Build.0 = Release|Any CPU
		{CFB74C34-A3D8-400D-B570-CEA5A5C937DB}.Debug|Any CPU.ActiveCfg = Debug|Any CPU
		{CFB74C34-A3D8-400D-B570-CEA5A5C937DB}.Debug|Any CPU.Build.0 = Debug|Any CPU
		{CFB74C34-A3D8-400D-B570-CEA5A5C937DB}.Release|Any CPU.ActiveCfg = Release|Any CPU
		{CFB74C34-A3D8-400D-B570-CEA5A5C937DB}.Release|Any CPU.Build.0 = Release|Any CPU
		{8D60BDC1-7971-4FAE-AC0C-43BD2720AF0B}.Debug|Any CPU.ActiveCfg = Debug|Any CPU
		{8D60BDC1-7971-4FAE-AC0C-43BD2720AF0B}.Debug|Any CPU.Build.0 = Debug|Any CPU
		{8D60BDC1-7971-4FAE-AC0C-43BD2720AF0B}.Release|Any CPU.ActiveCfg = Release|Any CPU
		{8D60BDC1-7971-4FAE-AC0C-43BD2720AF0B}.Release|Any CPU.Build.0 = Release|Any CPU
		{10DBFD05-6826-41D0-ABAF-0B232D542C84}.Debug|Any CPU.ActiveCfg = Debug|Any CPU
		{10DBFD05-6826-41D0-ABAF-0B232D542C84}.Debug|Any CPU.Build.0 = Debug|Any CPU
		{10DBFD05-6826-41D0-ABAF-0B232D542C84}.Release|Any CPU.ActiveCfg = Release|Any CPU
		{10DBFD05-6826-41D0-ABAF-0B232D542C84}.Release|Any CPU.Build.0 = Release|Any CPU
		{18FDD8F1-D5BB-4C7F-B3E7-C7A249D2E8B6}.Debug|Any CPU.ActiveCfg = Debug|Any CPU
		{18FDD8F1-D5BB-4C7F-B3E7-C7A249D2E8B6}.Debug|Any CPU.Build.0 = Debug|Any CPU
		{18FDD8F1-D5BB-4C7F-B3E7-C7A249D2E8B6}.Release|Any CPU.ActiveCfg = Release|Any CPU
		{18FDD8F1-D5BB-4C7F-B3E7-C7A249D2E8B6}.Release|Any CPU.Build.0 = Release|Any CPU
		{2E876868-EB97-4B7C-A850-25F40FA02220}.Debug|Any CPU.ActiveCfg = Debug|Any CPU
		{2E876868-EB97-4B7C-A850-25F40FA02220}.Debug|Any CPU.Build.0 = Debug|Any CPU
		{2E876868-EB97-4B7C-A850-25F40FA02220}.Release|Any CPU.ActiveCfg = Release|Any CPU
		{2E876868-EB97-4B7C-A850-25F40FA02220}.Release|Any CPU.Build.0 = Release|Any CPU
		{D1221E56-73FC-4FF5-99EC-E52A7E15659E}.Debug|Any CPU.ActiveCfg = Debug|Any CPU
		{D1221E56-73FC-4FF5-99EC-E52A7E15659E}.Debug|Any CPU.Build.0 = Debug|Any CPU
		{D1221E56-73FC-4FF5-99EC-E52A7E15659E}.Release|Any CPU.ActiveCfg = Release|Any CPU
		{D1221E56-73FC-4FF5-99EC-E52A7E15659E}.Release|Any CPU.Build.0 = Release|Any CPU
		{3A56E3C6-5B61-4091-B2F6-0D6FC8F86DA6}.Debug|Any CPU.ActiveCfg = Debug|Any CPU
		{3A56E3C6-5B61-4091-B2F6-0D6FC8F86DA6}.Debug|Any CPU.Build.0 = Debug|Any CPU
		{3A56E3C6-5B61-4091-B2F6-0D6FC8F86DA6}.Release|Any CPU.ActiveCfg = Release|Any CPU
		{3A56E3C6-5B61-4091-B2F6-0D6FC8F86DA6}.Release|Any CPU.Build.0 = Release|Any CPU
	EndGlobalSection
	GlobalSection(SolutionProperties) = preSolution
		HideSolutionNode = FALSE
	EndGlobalSection
	GlobalSection(ExtensibilityGlobals) = postSolution
		SolutionGuid = {5E28E9FD-4B85-476D-A5AD-DB49210A7674}
	EndGlobalSection
EndGlobal
